
Microsoft Visual Studio Solution File, Format Version 12.00
# Visual Studio Version 17
VisualStudioVersion = 17.11.35208.52
MinimumVisualStudioVersion = 10.0.40219.1
Project("{FAE04EC0-301F-11D3-BF4B-00C04F79EFBC}") = "GateAccessSystem2", "GateAccessSystem2\GateAccessSystem2.csproj", "{75BE0328-B1D0-46A6-A7C5-E649BB791D86}"
EndProject
Global
	GlobalSection(SolutionConfigurationPlatforms) = preSolution
		Debug|Any CPU = Debug|Any CPU
		Release|Any CPU = Release|Any CPU
	EndGlobalSection
	GlobalSection(ProjectConfigurationPlatforms) = postSolution
		{75BE0328-B1D0-46A6-A7C5-E649BB791D86}.Debug|Any CPU.ActiveCfg = Debug|Any CPU
		{75BE0328-B1D0-46A6-A7C5-E649BB791D86}.Debug|Any CPU.Build.0 = Debug|Any CPU
		{75BE0328-B1D0-46A6-A7C5-E649BB791D86}.Release|Any CPU.ActiveCfg = Release|Any CPU
		{75BE0328-B1D0-46A6-A7C5-E649BB791D86}.Release|Any CPU.Build.0 = Release|Any CPU
	EndGlobalSection
	GlobalSection(SolutionProperties) = preSolution
		HideSolutionNode = FALSE
	EndGlobalSection
	GlobalSection(ExtensibilityGlobals) = postSolution
		SolutionGuid = {95AF19E4-D2CA-4C92-A441-C3DD0CCA887E}
	EndGlobalSection
EndGlobal
